
Microsoft Visual Studio Solution File, Format Version 12.00
# Visual Studio Version 16
VisualStudioVersion = 16.0.29806.167
MinimumVisualStudioVersion = 10.0.40219.1
Project("{9A19103F-16F7-4668-BE54-9A1E7A4F7556}") = "Atividade Herança", "Atividade Herença\Atividade Herança.csproj", "{87CC22E8-DC2C-489F-A686-18368B464F04}"
EndProject
Global
	GlobalSection(SolutionConfigurationPlatforms) = preSolution
		Debug|Any CPU = Debug|Any CPU
		Release|Any CPU = Release|Any CPU
	EndGlobalSection
	GlobalSection(ProjectConfigurationPlatforms) = postSolution
		{87CC22E8-DC2C-489F-A686-18368B464F04}.Debug|Any CPU.ActiveCfg = Debug|Any CPU
		{87CC22E8-DC2C-489F-A686-18368B464F04}.Debug|Any CPU.Build.0 = Debug|Any CPU
		{87CC22E8-DC2C-489F-A686-18368B464F04}.Release|Any CPU.ActiveCfg = Release|Any CPU
		{87CC22E8-DC2C-489F-A686-18368B464F04}.Release|Any CPU.Build.0 = Release|Any CPU
	EndGlobalSection
	GlobalSection(SolutionProperties) = preSolution
		HideSolutionNode = FALSE
	EndGlobalSection
	GlobalSection(ExtensibilityGlobals) = postSolution
		SolutionGuid = {9CD1FF4F-3301-43F6-8DF8-F96031E5FA01}
	EndGlobalSection
EndGlobal
